
Microsoft Visual Studio Solution File, Format Version 12.00
# Visual Studio 15
VisualStudioVersion = 15.0.28307.902
MinimumVisualStudioVersion = 10.0.40219.1
Project("{FAE04EC0-301F-11D3-BF4B-00C04F79EFBC}") = "Prueba", "Prueba\Prueba.csproj", "{7B5BDF93-4371-4A58-A4FB-9DC66B45FC2F}"
EndProject
Global
	GlobalSection(SolutionConfigurationPlatforms) = preSolution
		Debug|Any CPU = Debug|Any CPU
		Release|Any CPU = Release|Any CPU
	EndGlobalSection
	GlobalSection(ProjectConfigurationPlatforms) = postSolution
		{7B5BDF93-4371-4A58-A4FB-9DC66B45FC2F}.Debug|Any CPU.ActiveCfg = Debug|Any CPU
		{7B5BDF93-4371-4A58-A4FB-9DC66B45FC2F}.Debug|Any CPU.Build.0 = Debug|Any CPU
		{7B5BDF93-4371-4A58-A4FB-9DC66B45FC2F}.Release|Any CPU.ActiveCfg = Release|Any CPU
		{7B5BDF93-4371-4A58-A4FB-9DC66B45FC2F}.Release|Any CPU.Build.0 = Release|Any CPU
	EndGlobalSection
	GlobalSection(SolutionProperties) = preSolution
		HideSolutionNode = FALSE
	EndGlobalSection
	GlobalSection(ExtensibilityGlobals) = postSolution
		SolutionGuid = {FE4F3421-0626-4DD3-AC47-EEE5B9C9ACD8}
	EndGlobalSection
EndGlobal
